
Microsoft Visual Studio Solution File, Format Version 12.00
# Visual Studio Version 17
VisualStudioVersion = 17.7.34024.191
MinimumVisualStudioVersion = 10.0.40219.1
Project("{9A19103F-16F7-4668-BE54-9A1E7A4F7556}") = "Singleton", "Singleton\Singleton.csproj", "{AD7BF324-C57C-44F6-BED6-C243498E955A}"
EndProject
Project("{9A19103F-16F7-4668-BE54-9A1E7A4F7556}") = "TestSingleton", "TestSingleton\TestSingleton.csproj", "{C44E24E0-F7D4-4D6E-8923-E1636FD035E1}"
EndProject
Global
	GlobalSection(SolutionConfigurationPlatforms) = preSolution
		Debug|Any CPU = Debug|Any CPU
		Release|Any CPU = Release|Any CPU
	EndGlobalSection
	GlobalSection(ProjectConfigurationPlatforms) = postSolution
		{AD7BF324-C57C-44F6-BED6-C243498E955A}.Debug|Any CPU.ActiveCfg = Debug|Any CPU
		{AD7BF324-C57C-44F6-BED6-C243498E955A}.Debug|Any CPU.Build.0 = Debug|Any CPU
		{AD7BF324-C57C-44F6-BED6-C243498E955A}.Release|Any CPU.ActiveCfg = Release|Any CPU
		{AD7BF324-C57C-44F6-BED6-C243498E955A}.Release|Any CPU.Build.0 = Release|Any CPU
		{C44E24E0-F7D4-4D6E-8923-E1636FD035E1}.Debug|Any CPU.ActiveCfg = Debug|Any CPU
		{C44E24E0-F7D4-4D6E-8923-E1636FD035E1}.Debug|Any CPU.Build.0 = Debug|Any CPU
		{C44E24E0-F7D4-4D6E-8923-E1636FD035E1}.Release|Any CPU.ActiveCfg = Release|Any CPU
		{C44E24E0-F7D4-4D6E-8923-E1636FD035E1}.Release|Any CPU.Build.0 = Release|Any CPU
	EndGlobalSection
	GlobalSection(SolutionProperties) = preSolution
		HideSolutionNode = FALSE
	EndGlobalSection
	GlobalSection(ExtensibilityGlobals) = postSolution
		SolutionGuid = {EC959C2F-CA94-44EE-AE8A-0C62BB66F759}
	EndGlobalSection
EndGlobal
