
Microsoft Visual Studio Solution File, Format Version 12.00
# Visual Studio Version 17
VisualStudioVersion = 17.1.32210.238
MinimumVisualStudioVersion = 10.0.40219.1
Project("{9A19103F-16F7-4668-BE54-9A1E7A4F7556}") = "FlyWeight", "Facade Pattern Example_Redcoats\FlyWeight.csproj", "{5F541F6A-A964-4545-94B6-BC356F5EFE4D}"
EndProject
Global
	GlobalSection(SolutionConfigurationPlatforms) = preSolution
		Debug|Any CPU = Debug|Any CPU
		Release|Any CPU = Release|Any CPU
	EndGlobalSection
	GlobalSection(ProjectConfigurationPlatforms) = postSolution
		{5F541F6A-A964-4545-94B6-BC356F5EFE4D}.Debug|Any CPU.ActiveCfg = Debug|Any CPU
		{5F541F6A-A964-4545-94B6-BC356F5EFE4D}.Debug|Any CPU.Build.0 = Debug|Any CPU
		{5F541F6A-A964-4545-94B6-BC356F5EFE4D}.Release|Any CPU.ActiveCfg = Release|Any CPU
		{5F541F6A-A964-4545-94B6-BC356F5EFE4D}.Release|Any CPU.Build.0 = Release|Any CPU
	EndGlobalSection
	GlobalSection(SolutionProperties) = preSolution
		HideSolutionNode = FALSE
	EndGlobalSection
	GlobalSection(ExtensibilityGlobals) = postSolution
		SolutionGuid = {4DD2083B-ED86-4E2C-BA75-879D36CAC67A}
	EndGlobalSection
EndGlobal
