
Microsoft Visual Studio Solution File, Format Version 12.00
Project("{FAE04EC0-301F-11D3-BF4B-00C04F79EFBC}") = "CompositeDemo", "CompositeDemo\CompositeDemo.csproj", "{BD59FB87-BE8C-41E1-8612-994D9604357A}"
EndProject
Project("{FAE04EC0-301F-11D3-BF4B-00C04F79EFBC}") = "Testjes", "Testjes\Testjes.csproj", "{638F5A77-A59A-4FD7-B62E-03B4D2557F53}"
EndProject
Global
	GlobalSection(SolutionConfigurationPlatforms) = preSolution
		Debug|Any CPU = Debug|Any CPU
		Release|Any CPU = Release|Any CPU
	EndGlobalSection
	GlobalSection(ProjectConfigurationPlatforms) = postSolution
		{BD59FB87-BE8C-41E1-8612-994D9604357A}.Debug|Any CPU.ActiveCfg = Debug|Any CPU
		{BD59FB87-BE8C-41E1-8612-994D9604357A}.Debug|Any CPU.Build.0 = Debug|Any CPU
		{BD59FB87-BE8C-41E1-8612-994D9604357A}.Release|Any CPU.ActiveCfg = Release|Any CPU
		{BD59FB87-BE8C-41E1-8612-994D9604357A}.Release|Any CPU.Build.0 = Release|Any CPU
		{638F5A77-A59A-4FD7-B62E-03B4D2557F53}.Debug|Any CPU.ActiveCfg = Debug|Any CPU
		{638F5A77-A59A-4FD7-B62E-03B4D2557F53}.Debug|Any CPU.Build.0 = Debug|Any CPU
		{638F5A77-A59A-4FD7-B62E-03B4D2557F53}.Release|Any CPU.ActiveCfg = Release|Any CPU
		{638F5A77-A59A-4FD7-B62E-03B4D2557F53}.Release|Any CPU.Build.0 = Release|Any CPU
	EndGlobalSection
EndGlobal
